
Microsoft Visual Studio Solution File, Format Version 12.00
# Visual Studio Version 16
VisualStudioVersion = 16.0.30523.141
MinimumVisualStudioVersion = 10.0.40219.1
Project("{FAE04EC0-301F-11D3-BF4B-00C04F79EFBC}") = "MyFirstCSAppConsoleUI", "MyFirstCSAppConsoleUI\MyFirstCSAppConsoleUI.csproj", "{0C7C40FF-F61C-485F-8355-9E1DE7DC85FD}"
EndProject
Project("{FAE04EC0-301F-11D3-BF4B-00C04F79EFBC}") = "MyFirstCSApp_WinformsUI", "MyFirstCSApp_WinformsUI\MyFirstCSApp_WinformsUI.csproj", "{A002138D-D36B-45DF-8FB9-0E2825B7DF01}"
EndProject
Global
	GlobalSection(SolutionConfigurationPlatforms) = preSolution
		Debug|Any CPU = Debug|Any CPU
		Release|Any CPU = Release|Any CPU
	EndGlobalSection
	GlobalSection(ProjectConfigurationPlatforms) = postSolution
		{0C7C40FF-F61C-485F-8355-9E1DE7DC85FD}.Debug|Any CPU.ActiveCfg = Debug|Any CPU
		{0C7C40FF-F61C-485F-8355-9E1DE7DC85FD}.Debug|Any CPU.Build.0 = Debug|Any CPU
		{0C7C40FF-F61C-485F-8355-9E1DE7DC85FD}.Release|Any CPU.ActiveCfg = Release|Any CPU
		{0C7C40FF-F61C-485F-8355-9E1DE7DC85FD}.Release|Any CPU.Build.0 = Release|Any CPU
		{A002138D-D36B-45DF-8FB9-0E2825B7DF01}.Debug|Any CPU.ActiveCfg = Debug|Any CPU
		{A002138D-D36B-45DF-8FB9-0E2825B7DF01}.Debug|Any CPU.Build.0 = Debug|Any CPU
		{A002138D-D36B-45DF-8FB9-0E2825B7DF01}.Release|Any CPU.ActiveCfg = Release|Any CPU
		{A002138D-D36B-45DF-8FB9-0E2825B7DF01}.Release|Any CPU.Build.0 = Release|Any CPU
	EndGlobalSection
	GlobalSection(SolutionProperties) = preSolution
		HideSolutionNode = FALSE
	EndGlobalSection
	GlobalSection(ExtensibilityGlobals) = postSolution
		SolutionGuid = {8C611505-40F6-489E-9BBC-868905C5E82E}
	EndGlobalSection
EndGlobal
